
Microsoft Visual Studio Solution File, Format Version 12.00
# Visual Studio Version 16
VisualStudioVersion = 16.0.30225.117
MinimumVisualStudioVersion = 10.0.40219.1
Project("{FAE04EC0-301F-11D3-BF4B-00C04F79EFBC}") = "blank", "blank\blank.csproj", "{3D1C3844-B126-4F70-BE3D-CCE29827C339}"
EndProject
Global
	GlobalSection(SolutionConfigurationPlatforms) = preSolution
		Debug|Any CPU = Debug|Any CPU
		Release|Any CPU = Release|Any CPU
	EndGlobalSection
	GlobalSection(ProjectConfigurationPlatforms) = postSolution
		{3D1C3844-B126-4F70-BE3D-CCE29827C339}.Debug|Any CPU.ActiveCfg = Debug|Any CPU
		{3D1C3844-B126-4F70-BE3D-CCE29827C339}.Debug|Any CPU.Build.0 = Debug|Any CPU
		{3D1C3844-B126-4F70-BE3D-CCE29827C339}.Release|Any CPU.ActiveCfg = Release|Any CPU
		{3D1C3844-B126-4F70-BE3D-CCE29827C339}.Release|Any CPU.Build.0 = Release|Any CPU
	EndGlobalSection
	GlobalSection(SolutionProperties) = preSolution
		HideSolutionNode = FALSE
	EndGlobalSection
	GlobalSection(ExtensibilityGlobals) = postSolution
		SolutionGuid = {FFC22647-FB5A-4118-B5B2-835B5241E19C}
	EndGlobalSection
EndGlobal
